
Microsoft Visual Studio Solution File, Format Version 12.00
# Visual Studio Version 17
VisualStudioVersion = 17.8.34525.116
MinimumVisualStudioVersion = 10.0.40219.1
Project("{8BC9CEB8-8B4A-11D0-8D11-00A0C91BC942}") = "BOJ_1769", "BOJ_1769.vcxproj", "{6F7A6FC8-63BA-4DED-8B3A-EBEF850FA038}"
EndProject
Global
	GlobalSection(SolutionConfigurationPlatforms) = preSolution
		Debug|x64 = Debug|x64
		Release|x64 = Release|x64
	EndGlobalSection
	GlobalSection(ProjectConfigurationPlatforms) = postSolution
		{6F7A6FC8-63BA-4DED-8B3A-EBEF850FA038}.Debug|x64.ActiveCfg = Debug|x64
		{6F7A6FC8-63BA-4DED-8B3A-EBEF850FA038}.Debug|x64.Build.0 = Debug|x64
		{6F7A6FC8-63BA-4DED-8B3A-EBEF850FA038}.Release|x64.ActiveCfg = Release|x64
		{6F7A6FC8-63BA-4DED-8B3A-EBEF850FA038}.Release|x64.Build.0 = Release|x64
	EndGlobalSection
	GlobalSection(SolutionProperties) = preSolution
		HideSolutionNode = FALSE
	EndGlobalSection
	GlobalSection(ExtensibilityGlobals) = postSolution
		SolutionGuid = {CAC7963C-23FC-4A6A-AC24-F2ED8186CDB1}
	EndGlobalSection
EndGlobal
